
Microsoft Visual Studio Solution File, Format Version 12.00
# Visual Studio Version 17
VisualStudioVersion = 17.2.32616.157
MinimumVisualStudioVersion = 10.0.40219.1
Project("{8BC9CEB8-8B4A-11D0-8D11-00A0C91BC942}") = "Sandbox", "Sandbox\Sandbox.vcxproj", "{3779803F-DBA4-4C49-9056-9B37752C0AE4}"
EndProject
Project("{8BC9CEB8-8B4A-11D0-8D11-00A0C91BC942}") = "Waldem", "Waldem\Waldem.vcxproj", "{19D88CD6-8F57-481E-B3A2-460B8674D52E}"
EndProject
Global
	GlobalSection(SolutionConfigurationPlatforms) = preSolution
		Debug|x64 = Debug|x64
		Release|x64 = Release|x64
	EndGlobalSection
	GlobalSection(ProjectConfigurationPlatforms) = postSolution
		{19D88CD6-8F57-481E-B3A2-460B8674D52E}.Debug|x64.ActiveCfg = Debug|x64
		{19D88CD6-8F57-481E-B3A2-460B8674D52E}.Debug|x64.Build.0 = Debug|x64
		{19D88CD6-8F57-481E-B3A2-460B8674D52E}.Release|x64.ActiveCfg = Release|x64
		{19D88CD6-8F57-481E-B3A2-460B8674D52E}.Release|x64.Build.0 = Release|x64
		{3779803F-DBA4-4C49-9056-9B37752C0AE4}.Debug|x64.ActiveCfg = Debug|x64
		{3779803F-DBA4-4C49-9056-9B37752C0AE4}.Debug|x64.Build.0 = Debug|x64
		{3779803F-DBA4-4C49-9056-9B37752C0AE4}.Release|x64.ActiveCfg = Release|x64
		{3779803F-DBA4-4C49-9056-9B37752C0AE4}.Release|x64.Build.0 = Release|x64
	EndGlobalSection
	GlobalSection(SolutionProperties) = preSolution
		HideSolutionNode = FALSE
	EndGlobalSection
	GlobalSection(ExtensibilityGlobals) = postSolution
		SolutionGuid = {1D56A5AA-EF91-47C2-82D8-B5ABE861B268}
	EndGlobalSection
EndGlobal
