<?xml version="1.0" encoding="utf-8"?>
<Project ToolsVersion="4.0" xmlns="http://schemas.microsoft.com/developer/msbuild/2003">
  <ItemGroup>
    <Filter Include="Waldem">
      <UniqueIdentifier>{1F0CE8D9-0BAE-12B0-F468-2604E0A99900}</UniqueIdentifier>
    </Filter>
    <Filter Include="Waldem\Events">
      <UniqueIdentifier>{23FF5022-8FBF-CC58-58FA-15D6C4791135}</UniqueIdentifier>
    </Filter>
  </ItemGroup>
  <ItemGroup>
    <ClInclude Include="src\Waldem.h" />
    <ClInclude Include="src\Waldem\Application.h">
      <Filter>Waldem</Filter>
    </ClInclude>
    <ClInclude Include="src\Waldem\Core.h">
      <Filter>Waldem</Filter>
    </ClInclude>
    <ClInclude Include="src\Waldem\EntryPoint.h">
      <Filter>Waldem</Filter>
    </ClInclude>
    <ClInclude Include="src\Waldem\Events\ApplicationEvent.h">
      <Filter>Waldem\Events</Filter>
    </ClInclude>
    <ClInclude Include="src\Waldem\Events\Event.h">
      <Filter>Waldem\Events</Filter>
    </ClInclude>
    <ClInclude Include="src\Waldem\Events\KeyEvent.h">
      <Filter>Waldem\Events</Filter>
    </ClInclude>
    <ClInclude Include="src\Waldem\Events\MouseEvent.h">
      <Filter>Waldem\Events</Filter>
    </ClInclude>
    <ClInclude Include="src\Waldem\Log.h">
      <Filter>Waldem</Filter>
    </ClInclude>
  </ItemGroup>
  <ItemGroup>
    <ClCompile Include="src\Waldem\Application.cpp">
      <Filter>Waldem</Filter>
    </ClCompile>
    <ClCompile Include="src\Waldem\Log.cpp">
      <Filter>Waldem</Filter>
    </ClCompile>
  </ItemGroup>
</Project>